// !$*UTF8*$!
{
	archiveVersion = 1;
	classes = {
	};
	objectVersion = 56;
	objects = {

/* Begin PBXBuildFile section */
		9221018329C8D5F4003B9F73 /* RemoteRestaurantLoaderTests.swift in Sources */ = {isa = PBXBuildFile; fileRef = 9221018229C8D5F4003B9F73 /* RemoteRestaurantLoaderTests.swift */; };
		926F0B0C299DC92C007E2FDE /* RestaurantDomain.framework in Frameworks */ = {isa = PBXBuildFile; fileRef = 926F0B03299DC92C007E2FDE /* RestaurantDomain.framework */; };
		926F0B11299DC92C007E2FDE /* RestaurantDomainTests.swift in Sources */ = {isa = PBXBuildFile; fileRef = 926F0B10299DC92C007E2FDE /* RestaurantDomainTests.swift */; };
		926F0B12299DC92C007E2FDE /* RestaurantDomain.h in Headers */ = {isa = PBXBuildFile; fileRef = 926F0B06299DC92C007E2FDE /* RestaurantDomain.h */; settings = {ATTRIBUTES = (Public, ); }; };
		92772475299F0D7000A5034B /* RemoteRestaurantLoader.swift in Sources */ = {isa = PBXBuildFile; fileRef = 92772474299F0D7000A5034B /* RemoteRestaurantLoader.swift */; };
		92772477299F0DBD00A5034B /* NetworkClient.swift in Sources */ = {isa = PBXBuildFile; fileRef = 92772476299F0DBD00A5034B /* NetworkClient.swift */; };
		92A3F16429DE302E00CA7826 /* URLSessionSpy.swift in Sources */ = {isa = PBXBuildFile; fileRef = 92A3F16329DE302E00CA7826 /* URLSessionSpy.swift */; };
		92A3F16629DE307B00CA7826 /* XCTestCase+Helpers.swift in Sources */ = {isa = PBXBuildFile; fileRef = 92A3F16529DE307B00CA7826 /* XCTestCase+Helpers.swift */; };
		92A3F16829DE30C300CA7826 /* URLSessionDataTaskSpy.swift in Sources */ = {isa = PBXBuildFile; fileRef = 92A3F16729DE30C300CA7826 /* URLSessionDataTaskSpy.swift */; };
		92F59D8329D76CFA0075C049 /* NetworkServiceTests.swift in Sources */ = {isa = PBXBuildFile; fileRef = 92F59D8229D76CFA0075C049 /* NetworkServiceTests.swift */; };
		92F6A03F29CA63EE00921AA1 /* RestaurantItem.swift in Sources */ = {isa = PBXBuildFile; fileRef = 92F6A03E29CA63EE00921AA1 /* RestaurantItem.swift */; };
		92F6A04129CA643000921AA1 /* NetworkSpy.swift in Sources */ = {isa = PBXBuildFile; fileRef = 92F6A04029CA643000921AA1 /* NetworkSpy.swift */; };
/* End PBXBuildFile section */

/* Begin PBXContainerItemProxy section */
		926F0B0D299DC92C007E2FDE /* PBXContainerItemProxy */ = {
			isa = PBXContainerItemProxy;
			containerPortal = 926F0AFA299DC92C007E2FDE /* Project object */;
			proxyType = 1;
			remoteGlobalIDString = 926F0B02299DC92C007E2FDE;
			remoteInfo = RestaurantDomain;
		};
/* End PBXContainerItemProxy section */

/* Begin PBXFileReference section */
		9221018229C8D5F4003B9F73 /* RemoteRestaurantLoaderTests.swift */ = {isa = PBXFileReference; lastKnownFileType = sourcecode.swift; path = RemoteRestaurantLoaderTests.swift; sourceTree = "<group>"; };
		926F0B03299DC92C007E2FDE /* RestaurantDomain.framework */ = {isa = PBXFileReference; explicitFileType = wrapper.framework; includeInIndex = 0; path = RestaurantDomain.framework; sourceTree = BUILT_PRODUCTS_DIR; };
		926F0B06299DC92C007E2FDE /* RestaurantDomain.h */ = {isa = PBXFileReference; lastKnownFileType = sourcecode.c.h; path = RestaurantDomain.h; sourceTree = "<group>"; };
		926F0B0B299DC92C007E2FDE /* RestaurantDomainTests.xctest */ = {isa = PBXFileReference; explicitFileType = wrapper.cfbundle; includeInIndex = 0; path = RestaurantDomainTests.xctest; sourceTree = BUILT_PRODUCTS_DIR; };
		926F0B10299DC92C007E2FDE /* RestaurantDomainTests.swift */ = {isa = PBXFileReference; lastKnownFileType = sourcecode.swift; path = RestaurantDomainTests.swift; sourceTree = "<group>"; };
		92772474299F0D7000A5034B /* RemoteRestaurantLoader.swift */ = {isa = PBXFileReference; lastKnownFileType = sourcecode.swift; path = RemoteRestaurantLoader.swift; sourceTree = "<group>"; };
		92772476299F0DBD00A5034B /* NetworkClient.swift */ = {isa = PBXFileReference; lastKnownFileType = sourcecode.swift; path = NetworkClient.swift; sourceTree = "<group>"; };
		92A3F16329DE302E00CA7826 /* URLSessionSpy.swift */ = {isa = PBXFileReference; lastKnownFileType = sourcecode.swift; path = URLSessionSpy.swift; sourceTree = "<group>"; };
		92A3F16529DE307B00CA7826 /* XCTestCase+Helpers.swift */ = {isa = PBXFileReference; lastKnownFileType = sourcecode.swift; path = "XCTestCase+Helpers.swift"; sourceTree = "<group>"; };
		92A3F16729DE30C300CA7826 /* URLSessionDataTaskSpy.swift */ = {isa = PBXFileReference; lastKnownFileType = sourcecode.swift; path = URLSessionDataTaskSpy.swift; sourceTree = "<group>"; };
		92F59D8229D76CFA0075C049 /* NetworkServiceTests.swift */ = {isa = PBXFileReference; lastKnownFileType = sourcecode.swift; path = NetworkServiceTests.swift; sourceTree = "<group>"; };
		92F6A03E29CA63EE00921AA1 /* RestaurantItem.swift */ = {isa = PBXFileReference; lastKnownFileType = sourcecode.swift; path = RestaurantItem.swift; sourceTree = "<group>"; };
		92F6A04029CA643000921AA1 /* NetworkSpy.swift */ = {isa = PBXFileReference; lastKnownFileType = sourcecode.swift; path = NetworkSpy.swift; sourceTree = "<group>"; };
/* End PBXFileReference section */

/* Begin PBXFrameworksBuildPhase section */
		926F0B00299DC92C007E2FDE /* Frameworks */ = {
			isa = PBXFrameworksBuildPhase;
			buildActionMask = 2147483647;
			files = (
			);
			runOnlyForDeploymentPostprocessing = 0;
		};
		926F0B08299DC92C007E2FDE /* Frameworks */ = {
			isa = PBXFrameworksBuildPhase;
			buildActionMask = 2147483647;
			files = (
				926F0B0C299DC92C007E2FDE /* RestaurantDomain.framework in Frameworks */,
			);
			runOnlyForDeploymentPostprocessing = 0;
		};
/* End PBXFrameworksBuildPhase section */

/* Begin PBXGroup section */
		926F0AF9299DC92C007E2FDE = {
			isa = PBXGroup;
			children = (
				926F0B05299DC92C007E2FDE /* RestaurantDomain */,
				926F0B0F299DC92C007E2FDE /* RestaurantDomainTests */,
				926F0B04299DC92C007E2FDE /* Products */,
			);
			sourceTree = "<group>";
		};
		926F0B04299DC92C007E2FDE /* Products */ = {
			isa = PBXGroup;
			children = (
				926F0B03299DC92C007E2FDE /* RestaurantDomain.framework */,
				926F0B0B299DC92C007E2FDE /* RestaurantDomainTests.xctest */,
			);
			name = Products;
			sourceTree = "<group>";
		};
		926F0B05299DC92C007E2FDE /* RestaurantDomain */ = {
			isa = PBXGroup;
			children = (
				926F0B06299DC92C007E2FDE /* RestaurantDomain.h */,
				92772474299F0D7000A5034B /* RemoteRestaurantLoader.swift */,
				92772476299F0DBD00A5034B /* NetworkClient.swift */,
				92F6A03E29CA63EE00921AA1 /* RestaurantItem.swift */,
			);
			path = RestaurantDomain;
			sourceTree = "<group>";
		};
		926F0B0F299DC92C007E2FDE /* RestaurantDomainTests */ = {
			isa = PBXGroup;
			children = (
				926F0B10299DC92C007E2FDE /* RestaurantDomainTests.swift */,
				9221018229C8D5F4003B9F73 /* RemoteRestaurantLoaderTests.swift */,
				92F6A04029CA643000921AA1 /* NetworkSpy.swift */,
				92F59D8229D76CFA0075C049 /* NetworkServiceTests.swift */,
				92A3F16329DE302E00CA7826 /* URLSessionSpy.swift */,
				92A3F16529DE307B00CA7826 /* XCTestCase+Helpers.swift */,
				92A3F16729DE30C300CA7826 /* URLSessionDataTaskSpy.swift */,
			);
			path = RestaurantDomainTests;
			sourceTree = "<group>";
		};
/* End PBXGroup section */

/* Begin PBXHeadersBuildPhase section */
		926F0AFE299DC92C007E2FDE /* Headers */ = {
			isa = PBXHeadersBuildPhase;
			buildActionMask = 2147483647;
			files = (
				926F0B12299DC92C007E2FDE /* RestaurantDomain.h in Headers */,
			);
			runOnlyForDeploymentPostprocessing = 0;
		};
/* End PBXHeadersBuildPhase section */

/* Begin PBXNativeTarget section */
		926F0B02299DC92C007E2FDE /* RestaurantDomain */ = {
			isa = PBXNativeTarget;
			buildConfigurationList = 926F0B15299DC92C007E2FDE /* Build configuration list for PBXNativeTarget "RestaurantDomain" */;
			buildPhases = (
				926F0AFE299DC92C007E2FDE /* Headers */,
				926F0AFF299DC92C007E2FDE /* Sources */,
				926F0B00299DC92C007E2FDE /* Frameworks */,
				926F0B01299DC92C007E2FDE /* Resources */,
			);
			buildRules = (
			);
			dependencies = (
			);
			name = RestaurantDomain;
			productName = RestaurantDomain;
			productReference = 926F0B03299DC92C007E2FDE /* RestaurantDomain.framework */;
			productType = "com.apple.product-type.framework";
		};
		926F0B0A299DC92C007E2FDE /* RestaurantDomainTests */ = {
			isa = PBXNativeTarget;
			buildConfigurationList = 926F0B18299DC92C007E2FDE /* Build configuration list for PBXNativeTarget "RestaurantDomainTests" */;
			buildPhases = (
				926F0B07299DC92C007E2FDE /* Sources */,
				926F0B08299DC92C007E2FDE /* Frameworks */,
				926F0B09299DC92C007E2FDE /* Resources */,
			);
			buildRules = (
			);
			dependencies = (
				926F0B0E299DC92C007E2FDE /* PBXTargetDependency */,
			);
			name = RestaurantDomainTests;
			productName = RestaurantDomainTests;
			productReference = 926F0B0B299DC92C007E2FDE /* RestaurantDomainTests.xctest */;
			productType = "com.apple.product-type.bundle.unit-test";
		};
/* End PBXNativeTarget section */

/* Begin PBXProject section */
		926F0AFA299DC92C007E2FDE /* Project object */ = {
			isa = PBXProject;
			attributes = {
				BuildIndependentTargetsInParallel = 1;
				LastSwiftUpdateCheck = 1420;
				LastUpgradeCheck = 1420;
				TargetAttributes = {
					926F0B02299DC92C007E2FDE = {
						CreatedOnToolsVersion = 14.2;
						LastSwiftMigration = 1420;
					};
					926F0B0A299DC92C007E2FDE = {
						CreatedOnToolsVersion = 14.2;
					};
				};
			};
			buildConfigurationList = 926F0AFD299DC92C007E2FDE /* Build configuration list for PBXProject "RestaurantDomain" */;
			compatibilityVersion = "Xcode 14.0";
			developmentRegion = en;
			hasScannedForEncodings = 0;
			knownRegions = (
				en,
				Base,
			);
			mainGroup = 926F0AF9299DC92C007E2FDE;
			productRefGroup = 926F0B04299DC92C007E2FDE /* Products */;
			projectDirPath = "";
			projectRoot = "";
			targets = (
				926F0B02299DC92C007E2FDE /* RestaurantDomain */,
				926F0B0A299DC92C007E2FDE /* RestaurantDomainTests */,
			);
		};
/* End PBXProject section */

/* Begin PBXResourcesBuildPhase section */
		926F0B01299DC92C007E2FDE /* Resources */ = {
			isa = PBXResourcesBuildPhase;
			buildActionMask = 2147483647;
			files = (
			);
			runOnlyForDeploymentPostprocessing = 0;
		};
		926F0B09299DC92C007E2FDE /* Resources */ = {
			isa = PBXResourcesBuildPhase;
			buildActionMask = 2147483647;
			files = (
			);
			runOnlyForDeploymentPostprocessing = 0;
		};
/* End PBXResourcesBuildPhase section */

/* Begin PBXSourcesBuildPhase section */
		926F0AFF299DC92C007E2FDE /* Sources */ = {
			isa = PBXSourcesBuildPhase;
			buildActionMask = 2147483647;
			files = (
				92772475299F0D7000A5034B /* RemoteRestaurantLoader.swift in Sources */,
				92F6A03F29CA63EE00921AA1 /* RestaurantItem.swift in Sources */,
				92772477299F0DBD00A5034B /* NetworkClient.swift in Sources */,
			);
			runOnlyForDeploymentPostprocessing = 0;
		};
		926F0B07299DC92C007E2FDE /* Sources */ = {
			isa = PBXSourcesBuildPhase;
			buildActionMask = 2147483647;
			files = (
				92A3F16629DE307B00CA7826 /* XCTestCase+Helpers.swift in Sources */,
				92F6A04129CA643000921AA1 /* NetworkSpy.swift in Sources */,
				92A3F16829DE30C300CA7826 /* URLSessionDataTaskSpy.swift in Sources */,
				926F0B11299DC92C007E2FDE /* RestaurantDomainTests.swift in Sources */,
				92F59D8329D76CFA0075C049 /* NetworkServiceTests.swift in Sources */,
				9221018329C8D5F4003B9F73 /* RemoteRestaurantLoaderTests.swift in Sources */,
				92A3F16429DE302E00CA7826 /* URLSessionSpy.swift in Sources */,
			);
			runOnlyForDeploymentPostprocessing = 0;
		};
/* End PBXSourcesBuildPhase section */

/* Begin PBXTargetDependency section */
		926F0B0E299DC92C007E2FDE /* PBXTargetDependency */ = {
			isa = PBXTargetDependency;
			target = 926F0B02299DC92C007E2FDE /* RestaurantDomain */;
			targetProxy = 926F0B0D299DC92C007E2FDE /* PBXContainerItemProxy */;
		};
/* End PBXTargetDependency section */

/* Begin XCBuildConfiguration section */
		926F0B13299DC92C007E2FDE /* Debug */ = {
			isa = XCBuildConfiguration;
			buildSettings = {
				ALWAYS_SEARCH_USER_PATHS = NO;
				CLANG_ANALYZER_NONNULL = YES;
				CLANG_ANALYZER_NUMBER_OBJECT_CONVERSION = YES_AGGRESSIVE;
				CLANG_CXX_LANGUAGE_STANDARD = "gnu++20";
				CLANG_ENABLE_MODULES = YES;
				CLANG_ENABLE_OBJC_ARC = YES;
				CLANG_ENABLE_OBJC_WEAK = YES;
				CLANG_WARN_BLOCK_CAPTURE_AUTORELEASING = YES;
				CLANG_WARN_BOOL_CONVERSION = YES;
				CLANG_WARN_COMMA = YES;
				CLANG_WARN_CONSTANT_CONVERSION = YES;
				CLANG_WARN_DEPRECATED_OBJC_IMPLEMENTATIONS = YES;
				CLANG_WARN_DIRECT_OBJC_ISA_USAGE = YES_ERROR;
				CLANG_WARN_DOCUMENTATION_COMMENTS = YES;
				CLANG_WARN_EMPTY_BODY = YES;
				CLANG_WARN_ENUM_CONVERSION = YES;
				CLANG_WARN_INFINITE_RECURSION = YES;
				CLANG_WARN_INT_CONVERSION = YES;
				CLANG_WARN_NON_LITERAL_NULL_CONVERSION = YES;
				CLANG_WARN_OBJC_IMPLICIT_RETAIN_SELF = YES;
				CLANG_WARN_OBJC_LITERAL_CONVERSION = YES;
				CLANG_WARN_OBJC_ROOT_CLASS = YES_ERROR;
				CLANG_WARN_QUOTED_INCLUDE_IN_FRAMEWORK_HEADER = YES;
				CLANG_WARN_RANGE_LOOP_ANALYSIS = YES;
				CLANG_WARN_STRICT_PROTOTYPES = YES;
				CLANG_WARN_SUSPICIOUS_MOVE = YES;
				CLANG_WARN_UNGUARDED_AVAILABILITY = YES_AGGRESSIVE;
				CLANG_WARN_UNREACHABLE_CODE = YES;
				CLANG_WARN__DUPLICATE_METHOD_MATCH = YES;
				COPY_PHASE_STRIP = NO;
				CURRENT_PROJECT_VERSION = 1;
				DEBUG_INFORMATION_FORMAT = dwarf;
				ENABLE_STRICT_OBJC_MSGSEND = YES;
				ENABLE_TESTABILITY = YES;
				GCC_C_LANGUAGE_STANDARD = gnu11;
				GCC_DYNAMIC_NO_PIC = NO;
				GCC_NO_COMMON_BLOCKS = YES;
				GCC_OPTIMIZATION_LEVEL = 0;
				GCC_PREPROCESSOR_DEFINITIONS = (
					"DEBUG=1",
					"$(inherited)",
				);
				GCC_WARN_64_TO_32_BIT_CONVERSION = YES;
				GCC_WARN_ABOUT_RETURN_TYPE = YES_ERROR;
				GCC_WARN_UNDECLARED_SELECTOR = YES;
				GCC_WARN_UNINITIALIZED_AUTOS = YES_AGGRESSIVE;
				GCC_WARN_UNUSED_FUNCTION = YES;
				GCC_WARN_UNUSED_VARIABLE = YES;
				MACOSX_DEPLOYMENT_TARGET = 13.1;
				MTL_ENABLE_DEBUG_INFO = INCLUDE_SOURCE;
				MTL_FAST_MATH = YES;
				ONLY_ACTIVE_ARCH = YES;
				SDKROOT = macosx;
				SWIFT_ACTIVE_COMPILATION_CONDITIONS = DEBUG;
				SWIFT_OPTIMIZATION_LEVEL = "-Onone";
				VERSIONING_SYSTEM = "apple-generic";
				VERSION_INFO_PREFIX = "";
			};
			name = Debug;
		};
		926F0B14299DC92C007E2FDE /* Release */ = {
			isa = XCBuildConfiguration;
			buildSettings = {
				ALWAYS_SEARCH_USER_PATHS = NO;
				CLANG_ANALYZER_NONNULL = YES;
				CLANG_ANALYZER_NUMBER_OBJECT_CONVERSION = YES_AGGRESSIVE;
				CLANG_CXX_LANGUAGE_STANDARD = "gnu++20";
				CLANG_ENABLE_MODULES = YES;
				CLANG_ENABLE_OBJC_ARC = YES;
				CLANG_ENABLE_OBJC_WEAK = YES;
				CLANG_WARN_BLOCK_CAPTURE_AUTORELEASING = YES;
				CLANG_WARN_BOOL_CONVERSION = YES;
				CLANG_WARN_COMMA = YES;
				CLANG_WARN_CONSTANT_CONVERSION = YES;
				CLANG_WARN_DEPRECATED_OBJC_IMPLEMENTATIONS = YES;
				CLANG_WARN_DIRECT_OBJC_ISA_USAGE = YES_ERROR;
				CLANG_WARN_DOCUMENTATION_COMMENTS = YES;
				CLANG_WARN_EMPTY_BODY = YES;
				CLANG_WARN_ENUM_CONVERSION = YES;
				CLANG_WARN_INFINITE_RECURSION = YES;
				CLANG_WARN_INT_CONVERSION = YES;
				CLANG_WARN_NON_LITERAL_NULL_CONVERSION = YES;
				CLANG_WARN_OBJC_IMPLICIT_RETAIN_SELF = YES;
				CLANG_WARN_OBJC_LITERAL_CONVERSION = YES;
				CLANG_WARN_OBJC_ROOT_CLASS = YES_ERROR;
				CLANG_WARN_QUOTED_INCLUDE_IN_FRAMEWORK_HEADER = YES;
				CLANG_WARN_RANGE_LOOP_ANALYSIS = YES;
				CLANG_WARN_STRICT_PROTOTYPES = YES;
				CLANG_WARN_SUSPICIOUS_MOVE = YES;
				CLANG_WARN_UNGUARDED_AVAILABILITY = YES_AGGRESSIVE;
				CLANG_WARN_UNREACHABLE_CODE = YES;
				CLANG_WARN__DUPLICATE_METHOD_MATCH = YES;
				COPY_PHASE_STRIP = NO;
				CURRENT_PROJECT_VERSION = 1;
				DEBUG_INFORMATION_FORMAT = "dwarf-with-dsym";
				ENABLE_NS_ASSERTIONS = NO;
				ENABLE_STRICT_OBJC_MSGSEND = YES;
				GCC_C_LANGUAGE_STANDARD = gnu11;
				GCC_NO_COMMON_BLOCKS = YES;
				GCC_WARN_64_TO_32_BIT_CONVERSION = YES;
				GCC_WARN_ABOUT_RETURN_TYPE = YES_ERROR;
				GCC_WARN_UNDECLARED_SELECTOR = YES;
				GCC_WARN_UNINITIALIZED_AUTOS = YES_AGGRESSIVE;
				GCC_WARN_UNUSED_FUNCTION = YES;
				GCC_WARN_UNUSED_VARIABLE = YES;
				MACOSX_DEPLOYMENT_TARGET = 13.1;
				MTL_ENABLE_DEBUG_INFO = NO;
				MTL_FAST_MATH = YES;
				SDKROOT = macosx;
				SWIFT_COMPILATION_MODE = wholemodule;
				SWIFT_OPTIMIZATION_LEVEL = "-O";
				VERSIONING_SYSTEM = "apple-generic";
				VERSION_INFO_PREFIX = "";
			};
			name = Release;
		};
		926F0B16299DC92C007E2FDE /* Debug */ = {
			isa = XCBuildConfiguration;
			buildSettings = {
				CLANG_ENABLE_MODULES = YES;
				CODE_SIGN_STYLE = Automatic;
				COMBINE_HIDPI_IMAGES = YES;
				CURRENT_PROJECT_VERSION = 1;
				DEFINES_MODULE = YES;
				DYLIB_COMPATIBILITY_VERSION = 1;
				DYLIB_CURRENT_VERSION = 1;
				DYLIB_INSTALL_NAME_BASE = "@rpath";
				GENERATE_INFOPLIST_FILE = YES;
				INFOPLIST_KEY_NSHumanReadableCopyright = "";
				INSTALL_PATH = "$(LOCAL_LIBRARY_DIR)/Frameworks";
				LD_RUNPATH_SEARCH_PATHS = (
					"$(inherited)",
					"@executable_path/../Frameworks",
					"@loader_path/Frameworks",
				);
				MARKETING_VERSION = 1.0;
				PRODUCT_BUNDLE_IDENTIFIER = br.com.silber.RestaurantDomain;
				PRODUCT_NAME = "$(TARGET_NAME:c99extidentifier)";
				SKIP_INSTALL = YES;
				SWIFT_EMIT_LOC_STRINGS = YES;
				SWIFT_OPTIMIZATION_LEVEL = "-Onone";
				SWIFT_VERSION = 5.0;
			};
			name = Debug;
		};
		926F0B17299DC92C007E2FDE /* Release */ = {
			isa = XCBuildConfiguration;
			buildSettings = {
				CLANG_ENABLE_MODULES = YES;
				CODE_SIGN_STYLE = Automatic;
				COMBINE_HIDPI_IMAGES = YES;
				CURRENT_PROJECT_VERSION = 1;
				DEFINES_MODULE = YES;
				DYLIB_COMPATIBILITY_VERSION = 1;
				DYLIB_CURRENT_VERSION = 1;
				DYLIB_INSTALL_NAME_BASE = "@rpath";
				GENERATE_INFOPLIST_FILE = YES;
				INFOPLIST_KEY_NSHumanReadableCopyright = "";
				INSTALL_PATH = "$(LOCAL_LIBRARY_DIR)/Frameworks";
				LD_RUNPATH_SEARCH_PATHS = (
					"$(inherited)",
					"@executable_path/../Frameworks",
					"@loader_path/Frameworks",
				);
				MARKETING_VERSION = 1.0;
				PRODUCT_BUNDLE_IDENTIFIER = br.com.silber.RestaurantDomain;
				PRODUCT_NAME = "$(TARGET_NAME:c99extidentifier)";
				SKIP_INSTALL = YES;
				SWIFT_EMIT_LOC_STRINGS = YES;
				SWIFT_VERSION = 5.0;
			};
			name = Release;
		};
		926F0B19299DC92C007E2FDE /* Debug */ = {
			isa = XCBuildConfiguration;
			buildSettings = {
				ALWAYS_EMBED_SWIFT_STANDARD_LIBRARIES = YES;
				CODE_SIGN_STYLE = Automatic;
				CURRENT_PROJECT_VERSION = 1;
				GENERATE_INFOPLIST_FILE = YES;
				MARKETING_VERSION = 1.0;
				PRODUCT_BUNDLE_IDENTIFIER = br.com.silber.RestaurantDomainTests;
				PRODUCT_NAME = "$(TARGET_NAME)";
				SWIFT_EMIT_LOC_STRINGS = NO;
				SWIFT_VERSION = 5.0;
			};
			name = Debug;
		};
		926F0B1A299DC92C007E2FDE /* Release */ = {
			isa = XCBuildConfiguration;
			buildSettings = {
				ALWAYS_EMBED_SWIFT_STANDARD_LIBRARIES = YES;
				CODE_SIGN_STYLE = Automatic;
				CURRENT_PROJECT_VERSION = 1;
				GENERATE_INFOPLIST_FILE = YES;
				MARKETING_VERSION = 1.0;
				PRODUCT_BUNDLE_IDENTIFIER = br.com.silber.RestaurantDomainTests;
				PRODUCT_NAME = "$(TARGET_NAME)";
				SWIFT_EMIT_LOC_STRINGS = NO;
				SWIFT_VERSION = 5.0;
			};
			name = Release;
		};
/* End XCBuildConfiguration section */

/* Begin XCConfigurationList section */
		926F0AFD299DC92C007E2FDE /* Build configuration list for PBXProject "RestaurantDomain" */ = {
			isa = XCConfigurationList;
			buildConfigurations = (
				926F0B13299DC92C007E2FDE /* Debug */,
				926F0B14299DC92C007E2FDE /* Release */,
			);
			defaultConfigurationIsVisible = 0;
			defaultConfigurationName = Release;
		};
		926F0B15299DC92C007E2FDE /* Build configuration list for PBXNativeTarget "RestaurantDomain" */ = {
			isa = XCConfigurationList;
			buildConfigurations = (
				926F0B16299DC92C007E2FDE /* Debug */,
				926F0B17299DC92C007E2FDE /* Release */,
			);
			defaultConfigurationIsVisible = 0;
			defaultConfigurationName = Release;
		};
		926F0B18299DC92C007E2FDE /* Build configuration list for PBXNativeTarget "RestaurantDomainTests" */ = {
			isa = XCConfigurationList;
			buildConfigurations = (
				926F0B19299DC92C007E2FDE /* Debug */,
				926F0B1A299DC92C007E2FDE /* Release */,
			);
			defaultConfigurationIsVisible = 0;
			defaultConfigurationName = Release;
		};
/* End XCConfigurationList section */
	};
	rootObject = 926F0AFA299DC92C007E2FDE /* Project object */;
}
